
Microsoft Visual Studio Solution File, Format Version 12.00
# Visual Studio Version 17
VisualStudioVersion = 17.8.34330.188
MinimumVisualStudioVersion = 10.0.40219.1
Project("{9A19103F-16F7-4668-BE54-9A1E7A4F7556}") = "UdpServer", "UdpServer\UdpServer.csproj", "{F2B32910-CFF8-44C1-BFAE-CBE445D34D31}"
EndProject
Project("{9A19103F-16F7-4668-BE54-9A1E7A4F7556}") = "UdpServer.Core", "UdpServer.Core\UdpServer.Core.csproj", "{F16883DC-7166-4602-BBFD-63B5501CB214}"
EndProject
Project("{9A19103F-16F7-4668-BE54-9A1E7A4F7556}") = "UdpServer.Services", "UdpServer.Services\UdpServer.Services.csproj", "{0FC17950-812D-42DC-B8D1-FC2AAC90EA99}"
EndProject
Global
	GlobalSection(SolutionConfigurationPlatforms) = preSolution
		Debug|Any CPU = Debug|Any CPU
		Release|Any CPU = Release|Any CPU
	EndGlobalSection
	GlobalSection(ProjectConfigurationPlatforms) = postSolution
		{F2B32910-CFF8-44C1-BFAE-CBE445D34D31}.Debug|Any CPU.ActiveCfg = Debug|Any CPU
		{F2B32910-CFF8-44C1-BFAE-CBE445D34D31}.Debug|Any CPU.Build.0 = Debug|Any CPU
		{F2B32910-CFF8-44C1-BFAE-CBE445D34D31}.Release|Any CPU.ActiveCfg = Release|Any CPU
		{F2B32910-CFF8-44C1-BFAE-CBE445D34D31}.Release|Any CPU.Build.0 = Release|Any CPU
		{F16883DC-7166-4602-BBFD-63B5501CB214}.Debug|Any CPU.ActiveCfg = Debug|Any CPU
		{F16883DC-7166-4602-BBFD-63B5501CB214}.Debug|Any CPU.Build.0 = Debug|Any CPU
		{F16883DC-7166-4602-BBFD-63B5501CB214}.Release|Any CPU.ActiveCfg = Release|Any CPU
		{F16883DC-7166-4602-BBFD-63B5501CB214}.Release|Any CPU.Build.0 = Release|Any CPU
		{0FC17950-812D-42DC-B8D1-FC2AAC90EA99}.Debug|Any CPU.ActiveCfg = Debug|Any CPU
		{0FC17950-812D-42DC-B8D1-FC2AAC90EA99}.Debug|Any CPU.Build.0 = Debug|Any CPU
		{0FC17950-812D-42DC-B8D1-FC2AAC90EA99}.Release|Any CPU.ActiveCfg = Release|Any CPU
		{0FC17950-812D-42DC-B8D1-FC2AAC90EA99}.Release|Any CPU.Build.0 = Release|Any CPU
	EndGlobalSection
	GlobalSection(SolutionProperties) = preSolution
		HideSolutionNode = FALSE
	EndGlobalSection
	GlobalSection(ExtensibilityGlobals) = postSolution
		SolutionGuid = {E3BC689E-2D66-4843-BD74-28042B79B47A}
	EndGlobalSection
EndGlobal
